
Microsoft Visual Studio Solution File, Format Version 12.00
# Visual Studio Version 17
VisualStudioVersion = 17.1.32210.238
MinimumVisualStudioVersion = 10.0.40219.1
Project("{FAE04EC0-301F-11D3-BF4B-00C04F79EFBC}") = "TaskManagerDemo", "TaskManagerDemo.csproj", "{68584E22-0DDF-4D2C-A703-89D8F53D0314}"
EndProject
Global
	GlobalSection(SolutionConfigurationPlatforms) = preSolution
		Debug|Any CPU = Debug|Any CPU
		Release|Any CPU = Release|Any CPU
	EndGlobalSection
	GlobalSection(ProjectConfigurationPlatforms) = postSolution
		{68584E22-0DDF-4D2C-A703-89D8F53D0314}.Debug|Any CPU.ActiveCfg = Debug|Any CPU
		{68584E22-0DDF-4D2C-A703-89D8F53D0314}.Debug|Any CPU.Build.0 = Debug|Any CPU
		{68584E22-0DDF-4D2C-A703-89D8F53D0314}.Release|Any CPU.ActiveCfg = Release|Any CPU
		{68584E22-0DDF-4D2C-A703-89D8F53D0314}.Release|Any CPU.Build.0 = Release|Any CPU
	EndGlobalSection
	GlobalSection(SolutionProperties) = preSolution
		HideSolutionNode = FALSE
	EndGlobalSection
	GlobalSection(ExtensibilityGlobals) = postSolution
		SolutionGuid = {E79BADC0-7FF9-4D06-8030-72DCEC1E9227}
	EndGlobalSection
EndGlobal
